
Microsoft Visual Studio Solution File, Format Version 12.00
Project("{FAE04EC0-301F-11D3-BF4B-00C04F79EFBC}") = "BoyumFoosballStats 2.0", "BoyumFoosballStats 2.0\BoyumFoosballStats 2.0.csproj", "{69487A4F-56A7-4750-BA18-50D62B1D0232}"
EndProject
Global
	GlobalSection(SolutionConfigurationPlatforms) = preSolution
		Debug|Any CPU = Debug|Any CPU
		Release|Any CPU = Release|Any CPU
	EndGlobalSection
	GlobalSection(ProjectConfigurationPlatforms) = postSolution
		{69487A4F-56A7-4750-BA18-50D62B1D0232}.Debug|Any CPU.ActiveCfg = Debug|Any CPU
		{69487A4F-56A7-4750-BA18-50D62B1D0232}.Debug|Any CPU.Build.0 = Debug|Any CPU
		{69487A4F-56A7-4750-BA18-50D62B1D0232}.Release|Any CPU.ActiveCfg = Release|Any CPU
		{69487A4F-56A7-4750-BA18-50D62B1D0232}.Release|Any CPU.Build.0 = Release|Any CPU
	EndGlobalSection
EndGlobal
